// !$*UTF8*$!
{
	archiveVersion = 1;
	classes = {
	};
	objectVersion = 56;
	objects = {

/* Begin PBXBuildFile section */
		8A0A000E2D1A4A0000010001 /* ErrandsApp.swift in Sources */ = {isa = PBXBuildFile; fileRef = 8A0A000D2D1A4A0000010001 /* ErrandsApp.swift */; };
		8A0A00102D1A4A0000010001 /* ContentView.swift in Sources */ = {isa = PBXBuildFile; fileRef = 8A0A000F2D1A4A0000010001 /* ContentView.swift */; };
		8A0A00122D1A4A0000010001 /* CalendarEventStore.swift in Sources */ = {isa = PBXBuildFile; fileRef = 8A0A00112D1A4A0000010001 /* CalendarEventStore.swift */; };
		8A0A00142D1A4A0000010001 /* Assets.xcassets in Resources */ = {isa = PBXBuildFile; fileRef = 8A0A00132D1A4A0000010001 /* Assets.xcassets */; };
		8A0A001F2D1A4A0000010001 /* EventRouteStore.swift in Sources */ = {isa = PBXBuildFile; fileRef = 8A0A001E2D1A4A0000010001 /* EventRouteStore.swift */; };
		8A0A00212D1A4A0000010001 /* EventDetailView.swift in Sources */ = {isa = PBXBuildFile; fileRef = 8A0A00202D1A4A0000010001 /* EventDetailView.swift */; };
		8A0A00232D1A4A0000010001 /* TripStop.swift in Sources */ = {isa = PBXBuildFile; fileRef = 8A0A00222D1A4A0000010001 /* TripStop.swift */; };
		8A0A00252D1A4A0000010001 /* CreateTripView.swift in Sources */ = {isa = PBXBuildFile; fileRef = 8A0A00242D1A4A0000010001 /* CreateTripView.swift */; };
/* End PBXBuildFile section */

/* Begin PBXFileReference section */
		8A0A00072D1A4A0000010001 /* Errands.app */ = {isa = PBXFileReference; explicitFileType = wrapper.application; includeInIndex = 0; path = Errands.app; sourceTree = BUILT_PRODUCTS_DIR; };
		8A0A000D2D1A4A0000010001 /* ErrandsApp.swift */ = {isa = PBXFileReference; lastKnownFileType = sourcecode.swift; path = ErrandsApp.swift; sourceTree = "<group>"; };
		8A0A000F2D1A4A0000010001 /* ContentView.swift */ = {isa = PBXFileReference; lastKnownFileType = sourcecode.swift; path = ContentView.swift; sourceTree = "<group>"; };
		8A0A00112D1A4A0000010001 /* CalendarEventStore.swift */ = {isa = PBXFileReference; lastKnownFileType = sourcecode.swift; path = CalendarEventStore.swift; sourceTree = "<group>"; };
		8A0A00132D1A4A0000010001 /* Assets.xcassets */ = {isa = PBXFileReference; lastKnownFileType = folder.assetcatalog; path = Assets.xcassets; sourceTree = "<group>"; };
		8A0A00152D1A4A0000010001 /* Info.plist */ = {isa = PBXFileReference; lastKnownFileType = text.plist.xml; path = Info.plist; sourceTree = "<group>"; };
		8A0A001E2D1A4A0000010001 /* EventRouteStore.swift */ = {isa = PBXFileReference; lastKnownFileType = sourcecode.swift; path = EventRouteStore.swift; sourceTree = "<group>"; };
		8A0A00202D1A4A0000010001 /* EventDetailView.swift */ = {isa = PBXFileReference; lastKnownFileType = sourcecode.swift; path = EventDetailView.swift; sourceTree = "<group>"; };
		8A0A00222D1A4A0000010001 /* TripStop.swift */ = {isa = PBXFileReference; lastKnownFileType = sourcecode.swift; path = TripStop.swift; sourceTree = "<group>"; };
		8A0A00242D1A4A0000010001 /* CreateTripView.swift */ = {isa = PBXFileReference; lastKnownFileType = sourcecode.swift; path = CreateTripView.swift; sourceTree = "<group>"; };
/* End PBXFileReference section */

/* Begin PBXFrameworksBuildPhase section */
		8A0A00042D1A4A0000010001 /* Frameworks */ = {
			isa = PBXFrameworksBuildPhase;
			buildActionMask = 2147483647;
			files = (
			);
			runOnlyForDeploymentPostprocessing = 0;
		};
/* End PBXFrameworksBuildPhase section */

/* Begin PBXGroup section */
		8A0A00012D1A4A0000010001 = {
			isa = PBXGroup;
			children = (
				8A0A000C2D1A4A0000010001 /* Errands */,
				8A0A00082D1A4A0000010001 /* Products */,
			);
			sourceTree = "<group>";
		};
		8A0A00082D1A4A0000010001 /* Products */ = {
			isa = PBXGroup;
			children = (
				8A0A00072D1A4A0000010001 /* Errands.app */,
			);
			name = Products;
			sourceTree = "<group>";
		};
		8A0A000C2D1A4A0000010001 /* Errands */ = {
			isa = PBXGroup;
			children = (
				8A0A000D2D1A4A0000010001 /* ErrandsApp.swift */,
				8A0A000F2D1A4A0000010001 /* ContentView.swift */,
				8A0A00242D1A4A0000010001 /* CreateTripView.swift */,
				8A0A00222D1A4A0000010001 /* TripStop.swift */,
				8A0A00112D1A4A0000010001 /* CalendarEventStore.swift */,
				8A0A001E2D1A4A0000010001 /* EventRouteStore.swift */,
				8A0A00202D1A4A0000010001 /* EventDetailView.swift */,
				8A0A00132D1A4A0000010001 /* Assets.xcassets */,
				8A0A00152D1A4A0000010001 /* Info.plist */,
			);
			path = Errands;
			sourceTree = "<group>";
		};
/* End PBXGroup section */

/* Begin PBXNativeTarget section */
		8A0A00062D1A4A0000010001 /* Errands */ = {
			isa = PBXNativeTarget;
			buildConfigurationList = 8A0A001D2D1A4A0000010001 /* Build configuration list for PBXNativeTarget "Errands" */;
			buildPhases = (
				8A0A00032D1A4A0000010001 /* Sources */,
				8A0A00042D1A4A0000010001 /* Frameworks */,
				8A0A00052D1A4A0000010001 /* Resources */,
			);
			buildRules = (
			);
			dependencies = (
			);
			name = Errands;
			productName = Errands;
			productReference = 8A0A00072D1A4A0000010001 /* Errands.app */;
			productType = "com.apple.product-type.application";
		};
/* End PBXNativeTarget section */

/* Begin PBXProject section */
		8A0A00022D1A4A0000010001 /* Project object */ = {
			isa = PBXProject;
			attributes = {
				BuildIndependentTargetsInParallel = 1;
				LastSwiftUpdateCheck = 1600;
				LastUpgradeCheck = 1600;
				TargetAttributes = {
					8A0A00062D1A4A0000010001 = {
						CreatedOnToolsVersion = 16.0;
					};
				};
			};
			buildConfigurationList = 8A0A000B2D1A4A0000010001 /* Build configuration list for PBXProject "Errands" */;
			compatibilityVersion = "Xcode 14.0";
			developmentRegion = en;
			hasScannedForEncodings = 0;
			knownRegions = (
				en,
				Base,
			);
			mainGroup = 8A0A00012D1A4A0000010001;
			productRefGroup = 8A0A00082D1A4A0000010001 /* Products */;
			projectDirPath = "";
			projectRoot = "";
			targets = (
				8A0A00062D1A4A0000010001 /* Errands */,
			);
		};
/* End PBXProject section */

/* Begin PBXResourcesBuildPhase section */
		8A0A00052D1A4A0000010001 /* Resources */ = {
			isa = PBXResourcesBuildPhase;
			buildActionMask = 2147483647;
			files = (
				8A0A00142D1A4A0000010001 /* Assets.xcassets in Resources */,
			);
			runOnlyForDeploymentPostprocessing = 0;
		};
/* End PBXResourcesBuildPhase section */

/* Begin PBXSourcesBuildPhase section */
		8A0A00032D1A4A0000010001 /* Sources */ = {
			isa = PBXSourcesBuildPhase;
			buildActionMask = 2147483647;
			files = (
				8A0A000E2D1A4A0000010001 /* ErrandsApp.swift in Sources */,
				8A0A00102D1A4A0000010001 /* ContentView.swift in Sources */,
				8A0A00122D1A4A0000010001 /* CalendarEventStore.swift in Sources */,
				8A0A00232D1A4A0000010001 /* TripStop.swift in Sources */,
				8A0A00252D1A4A0000010001 /* CreateTripView.swift in Sources */,
				8A0A001F2D1A4A0000010001 /* EventRouteStore.swift in Sources */,
				8A0A00212D1A4A0000010001 /* EventDetailView.swift in Sources */,
			);
			runOnlyForDeploymentPostprocessing = 0;
		};
/* End PBXSourcesBuildPhase section */

/* Begin XCBuildConfiguration section */
		8A0A00162D1A4A0000010001 /* Debug */ = {
			isa = XCBuildConfiguration;
			buildSettings = {
				ALWAYS_SEARCH_USER_PATHS = NO;
				CLANG_ANALYZER_NONNULL = YES;
				CLANG_ANALYZER_NUMBER_OBJECT_CONVERSION = YES_AGGRESSIVE;
				CLANG_CXX_LANGUAGE_STANDARD = "gnu++20";
				CLANG_ENABLE_MODULES = YES;
				CLANG_ENABLE_OBJC_ARC = YES;
				CLANG_ENABLE_OBJC_WEAK = YES;
				CLANG_WARN_BLOCK_CAPTURE_AUTORELEASING = YES;
				CLANG_WARN_BOOL_CONVERSION = YES;
				CLANG_WARN_COMMA = YES;
				CLANG_WARN_CONSTANT_CONVERSION = YES;
				CLANG_WARN_DEPRECATED_OBJC_IMPLEMENTATIONS = YES;
				CLANG_WARN_DIRECT_OBJC_ISA_USAGE = YES_ERROR;
				CLANG_WARN_DOCUMENTATION_COMMENTS = YES;
				CLANG_WARN_EMPTY_BODY = YES;
				CLANG_WARN_ENUM_CONVERSION = YES;
				CLANG_WARN_INFINITE_RECURSION = YES;
				CLANG_WARN_INT_CONVERSION = YES;
				CLANG_WARN_NON_LITERAL_NULL_CONVERSION = YES;
				CLANG_WARN_OBJC_IMPLICIT_RETAIN_SELF = YES;
				CLANG_WARN_OBJC_LITERAL_CONVERSION = YES;
				CLANG_WARN_OBJC_ROOT_CLASS = YES_ERROR;
				CLANG_WARN_QUOTED_INCLUDE_IN_FRAMEWORK_HEADER = YES;
				CLANG_WARN_RANGE_LOOP_ANALYSIS = YES;
				CLANG_WARN_STRICT_PROTOTYPES = YES;
				CLANG_WARN_SUSPICIOUS_MOVE = YES;
				CLANG_WARN_UNGUARDED_AVAILABILITY = YES_AGGRESSIVE;
				CLANG_WARN_UNREACHABLE_CODE = YES;
				CLANG_WARN__DUPLICATE_METHOD_MATCH = YES;
				COPY_PHASE_STRIP = NO;
				DEBUG_INFORMATION_FORMAT = dwarf;
				ENABLE_STRICT_OBJC_MSGSEND = YES;
				ENABLE_TESTABILITY = YES;
				ENABLE_USER_SCRIPT_SANDBOXING = YES;
				GCC_C_LANGUAGE_STANDARD = gnu17;
				GCC_DYNAMIC_NO_PIC = NO;
				GCC_NO_COMMON_BLOCKS = YES;
				GCC_OPTIMIZATION_LEVEL = 0;
				GCC_PREPROCESSOR_DEFINITIONS = (
					"DEBUG=1",
					"$(inherited)",
				);
				GCC_WARN_64_TO_32_BIT_CONVERSION = YES;
				GCC_WARN_ABOUT_RETURN_TYPE = YES_ERROR;
				GCC_WARN_UNDECLARED_SELECTOR = YES;
				GCC_WARN_UNINITIALIZED_AUTOS = YES_AGGRESSIVE;
				GCC_WARN_UNUSED_FUNCTION = YES;
				GCC_WARN_UNUSED_VARIABLE = YES;
				IPHONEOS_DEPLOYMENT_TARGET = 17.0;
				LOCALIZATION_PREFERS_STRING_CATALOGS = YES;
				MTL_ENABLE_DEBUG_INFO = INCLUDE_SOURCE;
				MTL_FAST_MATH = YES;
				ONLY_ACTIVE_ARCH = YES;
				SDKROOT = iphoneos;
				SWIFT_ACTIVE_COMPILATION_CONDITIONS = DEBUG;
				SWIFT_OPTIMIZATION_LEVEL = "-Onone";
			};
			name = Debug;
		};
		8A0A00172D1A4A0000010001 /* Release */ = {
			isa = XCBuildConfiguration;
			buildSettings = {
				ALWAYS_SEARCH_USER_PATHS = NO;
				CLANG_ANALYZER_NONNULL = YES;
				CLANG_ANALYZER_NUMBER_OBJECT_CONVERSION = YES_AGGRESSIVE;
				CLANG_CXX_LANGUAGE_STANDARD = "gnu++20";
				CLANG_ENABLE_MODULES = YES;
				CLANG_ENABLE_OBJC_ARC = YES;
				CLANG_ENABLE_OBJC_WEAK = YES;
				CLANG_WARN_BLOCK_CAPTURE_AUTORELEASING = YES;
				CLANG_WARN_BOOL_CONVERSION = YES;
				CLANG_WARN_COMMA = YES;
				CLANG_WARN_CONSTANT_CONVERSION = YES;
				CLANG_WARN_DEPRECATED_OBJC_IMPLEMENTATIONS = YES;
				CLANG_WARN_DIRECT_OBJC_ISA_USAGE = YES_ERROR;
				CLANG_WARN_DOCUMENTATION_COMMENTS = YES;
				CLANG_WARN_EMPTY_BODY = YES;
				CLANG_WARN_ENUM_CONVERSION = YES;
				CLANG_WARN_INFINITE_RECURSION = YES;
				CLANG_WARN_INT_CONVERSION = YES;
				CLANG_WARN_INT_CONVERSION = YES;
				CLANG_WARN_NON_LITERAL_NULL_CONVERSION = YES;
				CLANG_WARN_OBJC_IMPLICIT_RETAIN_SELF = YES;
				CLANG_WARN_OBJC_LITERAL_CONVERSION = YES;
				CLANG_WARN_OBJC_ROOT_CLASS = YES_ERROR;
				CLANG_WARN_QUOTED_INCLUDE_IN_FRAMEWORK_HEADER = YES;
				CLANG_WARN_RANGE_LOOP_ANALYSIS = YES;
				CLANG_WARN_STRICT_PROTOTYPES = YES;
				CLANG_WARN_SUSPICIOUS_MOVE = YES;
				CLANG_WARN_UNGUARDED_AVAILABILITY = YES_AGGRESSIVE;
				CLANG_WARN_UNREACHABLE_CODE = YES;
				CLANG_WARN__DUPLICATE_METHOD_MATCH = YES;
				COPY_PHASE_STRIP = NO;
				DEBUG_INFORMATION_FORMAT = "dwarf-with-dsym";
				ENABLE_NS_ASSERTIONS = NO;
				ENABLE_STRICT_OBJC_MSGSEND = YES;
				ENABLE_USER_SCRIPT_SANDBOXING = YES;
				GCC_C_LANGUAGE_STANDARD = gnu17;
				GCC_NO_COMMON_BLOCKS = YES;
				GCC_WARN_64_TO_32_BIT_CONVERSION = YES;
				GCC_WARN_ABOUT_RETURN_TYPE = YES_ERROR;
				GCC_WARN_UNDECLARED_SELECTOR = YES;
				GCC_WARN_UNINITIALIZED_AUTOS = YES_AGGRESSIVE;
				GCC_WARN_UNUSED_FUNCTION = YES;
				GCC_WARN_UNUSED_VARIABLE = YES;
				IPHONEOS_DEPLOYMENT_TARGET = 17.0;
				LOCALIZATION_PREFERS_STRING_CATALOGS = YES;
				MTL_ENABLE_DEBUG_INFO = NO;
				MTL_FAST_MATH = YES;
				SDKROOT = iphoneos;
				SWIFT_COMPILATION_MODE = wholemodule;
				VALIDATE_PRODUCT = YES;
			};
			name = Release;
		};
		8A0A001B2D1A4A0000010001 /* Debug */ = {
			isa = XCBuildConfiguration;
			buildSettings = {
				ASSETCATALOG_COMPILER_APPICON_NAME = AppIcon;
				ASSETCATALOG_COMPILER_GLOBAL_ACCENT_COLOR_NAME = AccentColor;
				CODE_SIGN_STYLE = Automatic;
				CURRENT_PROJECT_VERSION = 1;
				DEVELOPMENT_ASSET_PATHS = "";
				DEVELOPMENT_TEAM = "";
				ENABLE_PREVIEWS = YES;
				GENERATE_INFOPLIST_FILE = NO;
				INFOPLIST_FILE = Errands/Info.plist;
				INFOPLIST_KEY_UIApplicationSupportsIndirectInputEvents = YES;
				INFOPLIST_KEY_UISupportedInterfaceOrientations_iPad = "UIInterfaceOrientationPortrait UIInterfaceOrientationPortraitUpsideDown UIInterfaceOrientationLandscapeLeft UIInterfaceOrientationLandscapeRight";
				IPHONEOS_DEPLOYMENT_TARGET = 17.0;
				LD_RUNPATH_SEARCH_PATHS = (
					"$(inherited)",
					"@executable_path/Frameworks",
				);
				MARKETING_VERSION = 1.0;
				PRODUCT_BUNDLE_IDENTIFIER = com.example.errands;
				PRODUCT_NAME = "$(TARGET_NAME)";
				SWIFT_EMIT_LOC_STRINGS = YES;
				SWIFT_VERSION = 5.0;
				TARGETED_DEVICE_FAMILY = "1,2";
			};
			name = Debug;
		};
		8A0A001C2D1A4A0000010001 /* Release */ = {
			isa = XCBuildConfiguration;
			buildSettings = {
				ASSETCATALOG_COMPILER_APPICON_NAME = AppIcon;
				ASSETCATALOG_COMPILER_GLOBAL_ACCENT_COLOR_NAME = AccentColor;
				CODE_SIGN_STYLE = Automatic;
				CURRENT_PROJECT_VERSION = 1;
				DEVELOPMENT_ASSET_PATHS = "";
				DEVELOPMENT_TEAM = "";
				ENABLE_PREVIEWS = YES;
				GENERATE_INFOPLIST_FILE = NO;
				INFOPLIST_FILE = Errands/Info.plist;
				INFOPLIST_KEY_UIApplicationSupportsIndirectInputEvents = YES;
				INFOPLIST_KEY_UISupportedInterfaceOrientations_iPad = "UIInterfaceOrientationPortrait UIInterfaceOrientationPortraitUpsideDown UIInterfaceOrientationLandscapeLeft UIInterfaceOrientationLandscapeRight";
				IPHONEOS_DEPLOYMENT_TARGET = 17.0;
				LD_RUNPATH_SEARCH_PATHS = (
					"$(inherited)",
					"@executable_path/Frameworks",
				);
				MARKETING_VERSION = 1.0;
				PRODUCT_BUNDLE_IDENTIFIER = com.example.errands;
				PRODUCT_NAME = "$(TARGET_NAME)";
				SWIFT_EMIT_LOC_STRINGS = YES;
				SWIFT_VERSION = 5.0;
				TARGETED_DEVICE_FAMILY = "1,2";
			};
			name = Release;
		};
/* End XCBuildConfiguration section */

/* Begin XCConfigurationList section */
		8A0A000B2D1A4A0000010001 /* Build configuration list for PBXProject "Errands" */ = {
			isa = XCConfigurationList;
			buildConfigurations = (
				8A0A00162D1A4A0000010001 /* Debug */,
				8A0A00172D1A4A0000010001 /* Release */,
			);
			defaultConfigurationIsVisible = 0;
			defaultConfigurationName = Release;
		};
		8A0A001D2D1A4A0000010001 /* Build configuration list for PBXNativeTarget "Errands" */ = {
			isa = XCConfigurationList;
			buildConfigurations = (
				8A0A001B2D1A4A0000010001 /* Debug */,
				8A0A001C2D1A4A0000010001 /* Release */,
			);
			defaultConfigurationIsVisible = 0;
			defaultConfigurationName = Release;
		};
/* End XCConfigurationList section */
	};
	rootObject = 8A0A00022D1A4A0000010001 /* Project object */;
}
